<Solution>
  <Project Path="ApiWeld.Core/ApiWeld.Core.csproj" />
  <Project Path="ApiWeld.Cli/ApiWeld.Cli.csproj" />
  <Project Path="ApiWeld.Http/ApiWeld.Http.csproj" />
  <Project Path="ApiWeld.Generator/ApiWeld.Generator.csproj" />
  <Project Path="ApiWeld.Tests/ApiWeld.Tests.csproj" />
</Solution>
